
Microsoft Visual Studio Solution File, Format Version 12.00
# Visual Studio Version 17
VisualStudioVersion = 17.5.002.0
MinimumVisualStudioVersion = 10.0.40219.1
Project("{9A19103F-16F7-4668-BE54-9A1E7A4F7556}") = "Task1", "Task1\Task1.csproj", "{0CC6A857-1B33-4ECF-8213-89C73D1D6FB5}"
EndProject
Project("{9A19103F-16F7-4668-BE54-9A1E7A4F7556}") = "Task2", "Task2\Task2.csproj", "{0DE5243B-91B7-4C55-94B6-C894B7511DDD}"
EndProject
Project("{9A19103F-16F7-4668-BE54-9A1E7A4F7556}") = "Task3", "Task3\Task3.csproj", "{918ACA83-C3E0-4054-9DA1-775779BE034D}"
EndProject
Project("{9A19103F-16F7-4668-BE54-9A1E7A4F7556}") = "Task4", "Task4\Task4.csproj", "{4B3FAC39-FFF9-4037-AB69-1A19929C9016}"
EndProject
Global
	GlobalSection(SolutionConfigurationPlatforms) = preSolution
		Debug|Any CPU = Debug|Any CPU
		Release|Any CPU = Release|Any CPU
	EndGlobalSection
	GlobalSection(ProjectConfigurationPlatforms) = postSolution
		{0CC6A857-1B33-4ECF-8213-89C73D1D6FB5}.Debug|Any CPU.ActiveCfg = Debug|Any CPU
		{0CC6A857-1B33-4ECF-8213-89C73D1D6FB5}.Debug|Any CPU.Build.0 = Debug|Any CPU
		{0CC6A857-1B33-4ECF-8213-89C73D1D6FB5}.Release|Any CPU.ActiveCfg = Release|Any CPU
		{0CC6A857-1B33-4ECF-8213-89C73D1D6FB5}.Release|Any CPU.Build.0 = Release|Any CPU
		{0DE5243B-91B7-4C55-94B6-C894B7511DDD}.Debug|Any CPU.ActiveCfg = Debug|Any CPU
		{0DE5243B-91B7-4C55-94B6-C894B7511DDD}.Debug|Any CPU.Build.0 = Debug|Any CPU
		{0DE5243B-91B7-4C55-94B6-C894B7511DDD}.Release|Any CPU.ActiveCfg = Release|Any CPU
		{0DE5243B-91B7-4C55-94B6-C894B7511DDD}.Release|Any CPU.Build.0 = Release|Any CPU
		{918ACA83-C3E0-4054-9DA1-775779BE034D}.Debug|Any CPU.ActiveCfg = Debug|Any CPU
		{918ACA83-C3E0-4054-9DA1-775779BE034D}.Debug|Any CPU.Build.0 = Debug|Any CPU
		{918ACA83-C3E0-4054-9DA1-775779BE034D}.Release|Any CPU.ActiveCfg = Release|Any CPU
		{918ACA83-C3E0-4054-9DA1-775779BE034D}.Release|Any CPU.Build.0 = Release|Any CPU
		{4B3FAC39-FFF9-4037-AB69-1A19929C9016}.Debug|Any CPU.ActiveCfg = Debug|Any CPU
		{4B3FAC39-FFF9-4037-AB69-1A19929C9016}.Debug|Any CPU.Build.0 = Debug|Any CPU
		{4B3FAC39-FFF9-4037-AB69-1A19929C9016}.Release|Any CPU.ActiveCfg = Release|Any CPU
		{4B3FAC39-FFF9-4037-AB69-1A19929C9016}.Release|Any CPU.Build.0 = Release|Any CPU
	EndGlobalSection
	GlobalSection(SolutionProperties) = preSolution
		HideSolutionNode = FALSE
	EndGlobalSection
	GlobalSection(ExtensibilityGlobals) = postSolution
		SolutionGuid = {1BB27228-E6D9-4967-9A04-A994A0C27EDE}
	EndGlobalSection
EndGlobal
